
Microsoft Visual Studio Solution File, Format Version 12.00
# Visual Studio 15
VisualStudioVersion = 15.0.28307.489
MinimumVisualStudioVersion = 10.0.40219.1
Project("{FAE04EC0-301F-11D3-BF4B-00C04F79EFBC}") = "Stub", "Stub\Stub.csproj", "{7D84EFA8-2522-4FAF-BA40-FD5550F20359}"
EndProject
Global
	GlobalSection(SolutionConfigurationPlatforms) = preSolution
		Debug|Any CPU = Debug|Any CPU
		Release|Any CPU = Release|Any CPU
	EndGlobalSection
	GlobalSection(ProjectConfigurationPlatforms) = postSolution
		{7D84EFA8-2522-4FAF-BA40-FD5550F20359}.Debug|Any CPU.ActiveCfg = Debug|Any CPU
		{7D84EFA8-2522-4FAF-BA40-FD5550F20359}.Debug|Any CPU.Build.0 = Debug|Any CPU
		{7D84EFA8-2522-4FAF-BA40-FD5550F20359}.Release|Any CPU.ActiveCfg = Release|Any CPU
		{7D84EFA8-2522-4FAF-BA40-FD5550F20359}.Release|Any CPU.Build.0 = Release|Any CPU
	EndGlobalSection
	GlobalSection(SolutionProperties) = preSolution
		HideSolutionNode = FALSE
	EndGlobalSection
	GlobalSection(ExtensibilityGlobals) = postSolution
		SolutionGuid = {DC88F3D5-2D72-4450-A325-5B15C8285E26}
	EndGlobalSection
EndGlobal
